
Microsoft Visual Studio Solution File, Format Version 12.00
# Visual Studio Version 18
VisualStudioVersion = 18.0.11222.15 d18.0
MinimumVisualStudioVersion = 10.0.40219.1
Project("{FAE04EC0-301F-11D3-BF4B-00C04F79EFBC}") = "LoginApp.Api", "LoginApp.Api.csproj", "{DC9C3AD3-D9A7-449C-B3F1-9D360D1F78CB}"
EndProject
Project("{FAE04EC0-301F-11D3-BF4B-00C04F79EFBC}") = "LoginApp.DataAccess", "..\LoginApp.DataAccess\LoginApp.DataAccess.csproj", "{C2EDB531-C7BA-D634-2F00-DBED9E3660DC}"
EndProject
Project("{FAE04EC0-301F-11D3-BF4B-00C04F79EFBC}") = "LoginApp.Business", "..\LoginApp.Business\LoginApp.Business.csproj", "{FE9E4214-01A5-F3D7-B9B9-9627D35727C2}"
EndProject
Project("{FAE04EC0-301F-11D3-BF4B-00C04F79EFBC}") = "LoginAppTest", "..\LoginAppTest\LoginAppTest.csproj", "{05C3BBF0-19A1-445D-9D30-BE1FAF38E00F}"
EndProject
Global
	GlobalSection(SolutionConfigurationPlatforms) = preSolution
		Debug|Any CPU = Debug|Any CPU
		Release|Any CPU = Release|Any CPU
	EndGlobalSection
	GlobalSection(ProjectConfigurationPlatforms) = postSolution
		{DC9C3AD3-D9A7-449C-B3F1-9D360D1F78CB}.Debug|Any CPU.ActiveCfg = Debug|Any CPU
		{DC9C3AD3-D9A7-449C-B3F1-9D360D1F78CB}.Debug|Any CPU.Build.0 = Debug|Any CPU
		{DC9C3AD3-D9A7-449C-B3F1-9D360D1F78CB}.Release|Any CPU.ActiveCfg = Release|Any CPU
		{DC9C3AD3-D9A7-449C-B3F1-9D360D1F78CB}.Release|Any CPU.Build.0 = Release|Any CPU
		{C2EDB531-C7BA-D634-2F00-DBED9E3660DC}.Debug|Any CPU.ActiveCfg = Debug|Any CPU
		{C2EDB531-C7BA-D634-2F00-DBED9E3660DC}.Debug|Any CPU.Build.0 = Debug|Any CPU
		{C2EDB531-C7BA-D634-2F00-DBED9E3660DC}.Release|Any CPU.ActiveCfg = Release|Any CPU
		{C2EDB531-C7BA-D634-2F00-DBED9E3660DC}.Release|Any CPU.Build.0 = Release|Any CPU
		{FE9E4214-01A5-F3D7-B9B9-9627D35727C2}.Debug|Any CPU.ActiveCfg = Debug|Any CPU
		{FE9E4214-01A5-F3D7-B9B9-9627D35727C2}.Debug|Any CPU.Build.0 = Debug|Any CPU
		{FE9E4214-01A5-F3D7-B9B9-9627D35727C2}.Release|Any CPU.ActiveCfg = Release|Any CPU
		{FE9E4214-01A5-F3D7-B9B9-9627D35727C2}.Release|Any CPU.Build.0 = Release|Any CPU
		{05C3BBF0-19A1-445D-9D30-BE1FAF38E00F}.Debug|Any CPU.ActiveCfg = Debug|Any CPU
		{05C3BBF0-19A1-445D-9D30-BE1FAF38E00F}.Debug|Any CPU.Build.0 = Debug|Any CPU
		{05C3BBF0-19A1-445D-9D30-BE1FAF38E00F}.Release|Any CPU.ActiveCfg = Release|Any CPU
		{05C3BBF0-19A1-445D-9D30-BE1FAF38E00F}.Release|Any CPU.Build.0 = Release|Any CPU
	EndGlobalSection
	GlobalSection(SolutionProperties) = preSolution
		HideSolutionNode = FALSE
	EndGlobalSection
	GlobalSection(ExtensibilityGlobals) = postSolution
		SolutionGuid = {F32B6D87-AC03-467A-9511-711BC174B826}
	EndGlobalSection
EndGlobal
